
Microsoft Visual Studio Solution File, Format Version 12.00
# Visual Studio Version 17
VisualStudioVersion = 17.0.31903.59
MinimumVisualStudioVersion = 10.0.40219.1
Project("{2150E333-8FDC-42A3-9474-1A3956D46DE8}") = "Todo.Write", "Todo.Write", "{4327612F-7EC4-42EB-AA8C-E4AC311B13FA}"
EndProject
Project("{2150E333-8FDC-42A3-9474-1A3956D46DE8}") = "Todo.Read", "Todo.Read", "{9B09178E-95D4-4AF4-81E9-3224569F3FC2}"
EndProject
Project("{2150E333-8FDC-42A3-9474-1A3956D46DE8}") = "core", "core", "{BC7AF70D-F414-440E-A66C-CBE15BC6C239}"
EndProject
Project("{FAE04EC0-301F-11D3-BF4B-00C04F79EFBC}") = "Core.Domain", "src\core\Core.Domain\Core.Domain.csproj", "{3EAA14AD-2054-4EDE-8535-68E72AC328E2}"
EndProject
Project("{FAE04EC0-301F-11D3-BF4B-00C04F79EFBC}") = "Core.Application", "src\core\Core.Application\Core.Application.csproj", "{08F0B2BC-3952-459E-8878-232C5CE08D6D}"
EndProject
Project("{FAE04EC0-301F-11D3-BF4B-00C04F79EFBC}") = "Core.Infrastructure", "src\core\Core.Infrastructure\Core.Infrastructure.csproj", "{034D837B-4951-42E5-8C05-3051957014BF}"
EndProject
Project("{FAE04EC0-301F-11D3-BF4B-00C04F79EFBC}") = "Messages", "src\core\Messages\Messages.csproj", "{E495F02D-3B11-4EDD-9282-96147A89606E}"
EndProject
Project("{FAE04EC0-301F-11D3-BF4B-00C04F79EFBC}") = "Write.API", "src\Todo.Write\Write.API\Write.API.csproj", "{E0595B6E-1EBB-43CA-8C10-514B2FBF1130}"
EndProject
Project("{FAE04EC0-301F-11D3-BF4B-00C04F79EFBC}") = "Write.Application", "src\Todo.Write\Write.Application\Write.Application.csproj", "{17A8E287-BABC-4241-AF13-5D21481AE119}"
EndProject
Project("{FAE04EC0-301F-11D3-BF4B-00C04F79EFBC}") = "Write.Domain", "src\Todo.Write\Write.Domain\Write.Domain.csproj", "{B0DFC35F-6C3F-4B0D-A8FD-1695AFEE7F94}"
EndProject
Project("{FAE04EC0-301F-11D3-BF4B-00C04F79EFBC}") = "Write.Infrastructure", "src\Todo.Write\Write.Infrastructure\Write.Infrastructure.csproj", "{BE288C03-D293-47ED-83DE-F43CDB011745}"
EndProject
Project("{E53339B2-1760-4266-BCC7-CA923CBCF16C}") = "docker-compose", "docker-compose.dcproj", "{C29D1E3B-65BD-4980-AC32-9170D2108B77}"
EndProject
Project("{2150E333-8FDC-42A3-9474-1A3956D46DE8}") = "OutboxWorker", "OutboxWorker", "{0CFAB2CE-B916-4A04-9F87-36D7294DC0FA}"
EndProject
Project("{FAE04EC0-301F-11D3-BF4B-00C04F79EFBC}") = "OutboxWorker", "src\OutboxWorker\OutboxWorker.csproj", "{2BACD0F7-A700-4DD9-A9E4-ACA458B829BC}"
EndProject
Project("{FAE04EC0-301F-11D3-BF4B-00C04F79EFBC}") = "Read.API", "src\Todo.Read\Read.API\Read.API.csproj", "{99026645-66CD-4DAF-825F-D13543C6D34F}"
EndProject
Project("{FAE04EC0-301F-11D3-BF4B-00C04F79EFBC}") = "Read.Application", "src\Todo.Read\Read.Application\Read.Application.csproj", "{13F3393A-E63F-4255-8AC7-7D101FD45C5C}"
EndProject
Project("{FAE04EC0-301F-11D3-BF4B-00C04F79EFBC}") = "Read.Domain", "src\Todo.Read\Read.Domain\Read.Domain.csproj", "{C2D962F5-B32C-489C-9825-EB1651616C84}"
EndProject
Project("{FAE04EC0-301F-11D3-BF4B-00C04F79EFBC}") = "Read.Infrastructure", "src\Todo.Read\Read.Infrastructure\Read.Infrastructure.csproj", "{8AA5BC02-90E2-4ACA-8D99-BFBFDCBAF85B}"
EndProject
Global
	GlobalSection(SolutionConfigurationPlatforms) = preSolution
		Debug|Any CPU = Debug|Any CPU
		Release|Any CPU = Release|Any CPU
	EndGlobalSection
	GlobalSection(ProjectConfigurationPlatforms) = postSolution
		{3EAA14AD-2054-4EDE-8535-68E72AC328E2}.Debug|Any CPU.ActiveCfg = Debug|Any CPU
		{3EAA14AD-2054-4EDE-8535-68E72AC328E2}.Debug|Any CPU.Build.0 = Debug|Any CPU
		{3EAA14AD-2054-4EDE-8535-68E72AC328E2}.Release|Any CPU.ActiveCfg = Release|Any CPU
		{3EAA14AD-2054-4EDE-8535-68E72AC328E2}.Release|Any CPU.Build.0 = Release|Any CPU
		{08F0B2BC-3952-459E-8878-232C5CE08D6D}.Debug|Any CPU.ActiveCfg = Debug|Any CPU
		{08F0B2BC-3952-459E-8878-232C5CE08D6D}.Debug|Any CPU.Build.0 = Debug|Any CPU
		{08F0B2BC-3952-459E-8878-232C5CE08D6D}.Release|Any CPU.ActiveCfg = Release|Any CPU
		{08F0B2BC-3952-459E-8878-232C5CE08D6D}.Release|Any CPU.Build.0 = Release|Any CPU
		{034D837B-4951-42E5-8C05-3051957014BF}.Debug|Any CPU.ActiveCfg = Debug|Any CPU
		{034D837B-4951-42E5-8C05-3051957014BF}.Debug|Any CPU.Build.0 = Debug|Any CPU
		{034D837B-4951-42E5-8C05-3051957014BF}.Release|Any CPU.ActiveCfg = Release|Any CPU
		{034D837B-4951-42E5-8C05-3051957014BF}.Release|Any CPU.Build.0 = Release|Any CPU
		{E495F02D-3B11-4EDD-9282-96147A89606E}.Debug|Any CPU.ActiveCfg = Debug|Any CPU
		{E495F02D-3B11-4EDD-9282-96147A89606E}.Debug|Any CPU.Build.0 = Debug|Any CPU
		{E495F02D-3B11-4EDD-9282-96147A89606E}.Release|Any CPU.ActiveCfg = Release|Any CPU
		{E495F02D-3B11-4EDD-9282-96147A89606E}.Release|Any CPU.Build.0 = Release|Any CPU
		{E0595B6E-1EBB-43CA-8C10-514B2FBF1130}.Debug|Any CPU.ActiveCfg = Debug|Any CPU
		{E0595B6E-1EBB-43CA-8C10-514B2FBF1130}.Debug|Any CPU.Build.0 = Debug|Any CPU
		{E0595B6E-1EBB-43CA-8C10-514B2FBF1130}.Release|Any CPU.ActiveCfg = Release|Any CPU
		{E0595B6E-1EBB-43CA-8C10-514B2FBF1130}.Release|Any CPU.Build.0 = Release|Any CPU
		{17A8E287-BABC-4241-AF13-5D21481AE119}.Debug|Any CPU.ActiveCfg = Debug|Any CPU
		{17A8E287-BABC-4241-AF13-5D21481AE119}.Debug|Any CPU.Build.0 = Debug|Any CPU
		{17A8E287-BABC-4241-AF13-5D21481AE119}.Release|Any CPU.ActiveCfg = Release|Any CPU
		{17A8E287-BABC-4241-AF13-5D21481AE119}.Release|Any CPU.Build.0 = Release|Any CPU
		{B0DFC35F-6C3F-4B0D-A8FD-1695AFEE7F94}.Debug|Any CPU.ActiveCfg = Debug|Any CPU
		{B0DFC35F-6C3F-4B0D-A8FD-1695AFEE7F94}.Debug|Any CPU.Build.0 = Debug|Any CPU
		{B0DFC35F-6C3F-4B0D-A8FD-1695AFEE7F94}.Release|Any CPU.ActiveCfg = Release|Any CPU
		{B0DFC35F-6C3F-4B0D-A8FD-1695AFEE7F94}.Release|Any CPU.Build.0 = Release|Any CPU
		{BE288C03-D293-47ED-83DE-F43CDB011745}.Debug|Any CPU.ActiveCfg = Debug|Any CPU
		{BE288C03-D293-47ED-83DE-F43CDB011745}.Debug|Any CPU.Build.0 = Debug|Any CPU
		{BE288C03-D293-47ED-83DE-F43CDB011745}.Release|Any CPU.ActiveCfg = Release|Any CPU
		{BE288C03-D293-47ED-83DE-F43CDB011745}.Release|Any CPU.Build.0 = Release|Any CPU
		{C29D1E3B-65BD-4980-AC32-9170D2108B77}.Debug|Any CPU.ActiveCfg = Debug|Any CPU
		{C29D1E3B-65BD-4980-AC32-9170D2108B77}.Debug|Any CPU.Build.0 = Debug|Any CPU
		{C29D1E3B-65BD-4980-AC32-9170D2108B77}.Release|Any CPU.ActiveCfg = Release|Any CPU
		{C29D1E3B-65BD-4980-AC32-9170D2108B77}.Release|Any CPU.Build.0 = Release|Any CPU
		{2BACD0F7-A700-4DD9-A9E4-ACA458B829BC}.Debug|Any CPU.ActiveCfg = Debug|Any CPU
		{2BACD0F7-A700-4DD9-A9E4-ACA458B829BC}.Debug|Any CPU.Build.0 = Debug|Any CPU
		{2BACD0F7-A700-4DD9-A9E4-ACA458B829BC}.Release|Any CPU.ActiveCfg = Release|Any CPU
		{2BACD0F7-A700-4DD9-A9E4-ACA458B829BC}.Release|Any CPU.Build.0 = Release|Any CPU
		{99026645-66CD-4DAF-825F-D13543C6D34F}.Debug|Any CPU.ActiveCfg = Debug|Any CPU
		{99026645-66CD-4DAF-825F-D13543C6D34F}.Debug|Any CPU.Build.0 = Debug|Any CPU
		{99026645-66CD-4DAF-825F-D13543C6D34F}.Release|Any CPU.ActiveCfg = Release|Any CPU
		{99026645-66CD-4DAF-825F-D13543C6D34F}.Release|Any CPU.Build.0 = Release|Any CPU
		{13F3393A-E63F-4255-8AC7-7D101FD45C5C}.Debug|Any CPU.ActiveCfg = Debug|Any CPU
		{13F3393A-E63F-4255-8AC7-7D101FD45C5C}.Debug|Any CPU.Build.0 = Debug|Any CPU
		{13F3393A-E63F-4255-8AC7-7D101FD45C5C}.Release|Any CPU.ActiveCfg = Release|Any CPU
		{13F3393A-E63F-4255-8AC7-7D101FD45C5C}.Release|Any CPU.Build.0 = Release|Any CPU
		{C2D962F5-B32C-489C-9825-EB1651616C84}.Debug|Any CPU.ActiveCfg = Debug|Any CPU
		{C2D962F5-B32C-489C-9825-EB1651616C84}.Debug|Any CPU.Build.0 = Debug|Any CPU
		{C2D962F5-B32C-489C-9825-EB1651616C84}.Release|Any CPU.ActiveCfg = Release|Any CPU
		{C2D962F5-B32C-489C-9825-EB1651616C84}.Release|Any CPU.Build.0 = Release|Any CPU
		{8AA5BC02-90E2-4ACA-8D99-BFBFDCBAF85B}.Debug|Any CPU.ActiveCfg = Debug|Any CPU
		{8AA5BC02-90E2-4ACA-8D99-BFBFDCBAF85B}.Debug|Any CPU.Build.0 = Debug|Any CPU
		{8AA5BC02-90E2-4ACA-8D99-BFBFDCBAF85B}.Release|Any CPU.ActiveCfg = Release|Any CPU
		{8AA5BC02-90E2-4ACA-8D99-BFBFDCBAF85B}.Release|Any CPU.Build.0 = Release|Any CPU
	EndGlobalSection
	GlobalSection(SolutionProperties) = preSolution
		HideSolutionNode = FALSE
	EndGlobalSection
	GlobalSection(NestedProjects) = preSolution
		{3EAA14AD-2054-4EDE-8535-68E72AC328E2} = {BC7AF70D-F414-440E-A66C-CBE15BC6C239}
		{08F0B2BC-3952-459E-8878-232C5CE08D6D} = {BC7AF70D-F414-440E-A66C-CBE15BC6C239}
		{034D837B-4951-42E5-8C05-3051957014BF} = {BC7AF70D-F414-440E-A66C-CBE15BC6C239}
		{E495F02D-3B11-4EDD-9282-96147A89606E} = {BC7AF70D-F414-440E-A66C-CBE15BC6C239}
		{E0595B6E-1EBB-43CA-8C10-514B2FBF1130} = {4327612F-7EC4-42EB-AA8C-E4AC311B13FA}
		{17A8E287-BABC-4241-AF13-5D21481AE119} = {4327612F-7EC4-42EB-AA8C-E4AC311B13FA}
		{B0DFC35F-6C3F-4B0D-A8FD-1695AFEE7F94} = {4327612F-7EC4-42EB-AA8C-E4AC311B13FA}
		{BE288C03-D293-47ED-83DE-F43CDB011745} = {4327612F-7EC4-42EB-AA8C-E4AC311B13FA}
		{2BACD0F7-A700-4DD9-A9E4-ACA458B829BC} = {0CFAB2CE-B916-4A04-9F87-36D7294DC0FA}
		{99026645-66CD-4DAF-825F-D13543C6D34F} = {9B09178E-95D4-4AF4-81E9-3224569F3FC2}
		{13F3393A-E63F-4255-8AC7-7D101FD45C5C} = {9B09178E-95D4-4AF4-81E9-3224569F3FC2}
		{C2D962F5-B32C-489C-9825-EB1651616C84} = {9B09178E-95D4-4AF4-81E9-3224569F3FC2}
		{8AA5BC02-90E2-4ACA-8D99-BFBFDCBAF85B} = {9B09178E-95D4-4AF4-81E9-3224569F3FC2}
	EndGlobalSection
	GlobalSection(ExtensibilityGlobals) = postSolution
		SolutionGuid = {33F65732-9772-40CB-9624-56DA91B559CF}
	EndGlobalSection
EndGlobal
